// !$*UTF8*$!
{
	archiveVersion = 1;
	classes = {
	};
	objectVersion = 46;
	objects = {

/* Begin PBXBuildFile section */
		E41960DA19C4A46800055E60 /* beautiful-sunrise.jpg in Resources */ = {isa = PBXBuildFile; fileRef = E41960D919C4A46800055E60 /* beautiful-sunrise.jpg */; };
		E4654BCC19C1AC6E00242A96 /* Foundation.framework in Frameworks */ = {isa = PBXBuildFile; fileRef = E4654BCB19C1AC6E00242A96 /* Foundation.framework */; };
		E4654BCE19C1AC6E00242A96 /* CoreGraphics.framework in Frameworks */ = {isa = PBXBuildFile; fileRef = E4654BCD19C1AC6E00242A96 /* CoreGraphics.framework */; };
		E4654BD019C1AC6E00242A96 /* UIKit.framework in Frameworks */ = {isa = PBXBuildFile; fileRef = E4654BCF19C1AC6E00242A96 /* UIKit.framework */; };
		E4654BD619C1AC6E00242A96 /* InfoPlist.strings in Resources */ = {isa = PBXBuildFile; fileRef = E4654BD419C1AC6E00242A96 /* InfoPlist.strings */; };
		E4654BD819C1AC6E00242A96 /* main.m in Sources */ = {isa = PBXBuildFile; fileRef = E4654BD719C1AC6E00242A96 /* main.m */; };
		E4654BDC19C1AC6E00242A96 /* AppDelegate.m in Sources */ = {isa = PBXBuildFile; fileRef = E4654BDB19C1AC6E00242A96 /* AppDelegate.m */; };
		E4654BDF19C1AC6E00242A96 /* Main_iPhone.storyboard in Resources */ = {isa = PBXBuildFile; fileRef = E4654BDD19C1AC6E00242A96 /* Main_iPhone.storyboard */; };
		E4654BE219C1AC6E00242A96 /* Main_iPad.storyboard in Resources */ = {isa = PBXBuildFile; fileRef = E4654BE019C1AC6E00242A96 /* Main_iPad.storyboard */; };
		E4654BE519C1AC6E00242A96 /* ViewController.m in Sources */ = {isa = PBXBuildFile; fileRef = E4654BE419C1AC6E00242A96 /* ViewController.m */; };
		E4654BE719C1AC6E00242A96 /* Images.xcassets in Resources */ = {isa = PBXBuildFile; fileRef = E4654BE619C1AC6E00242A96 /* Images.xcassets */; };
		E4654BEE19C1AC6E00242A96 /* XCTest.framework in Frameworks */ = {isa = PBXBuildFile; fileRef = E4654BED19C1AC6E00242A96 /* XCTest.framework */; };
		E4654BEF19C1AC6E00242A96 /* Foundation.framework in Frameworks */ = {isa = PBXBuildFile; fileRef = E4654BCB19C1AC6E00242A96 /* Foundation.framework */; };
		E4654BF019C1AC6E00242A96 /* UIKit.framework in Frameworks */ = {isa = PBXBuildFile; fileRef = E4654BCF19C1AC6E00242A96 /* UIKit.framework */; };
		E4654BF819C1AC6E00242A96 /* InfoPlist.strings in Resources */ = {isa = PBXBuildFile; fileRef = E4654BF619C1AC6E00242A96 /* InfoPlist.strings */; };
		E4654BFA19C1AC6E00242A96 /* NoteAppTests.m in Sources */ = {isa = PBXBuildFile; fileRef = E4654BF919C1AC6E00242A96 /* NoteAppTests.m */; };
		E4654C0519C1ACC300242A96 /* NoteViewController.m in Sources */ = {isa = PBXBuildFile; fileRef = E4654C0419C1ACC300242A96 /* NoteViewController.m */; };
		E4654C0819C1B04F00242A96 /* MainMenuViewController.m in Sources */ = {isa = PBXBuildFile; fileRef = E4654C0719C1B04F00242A96 /* MainMenuViewController.m */; };
		E4E7BC7F19C4A126004EAF40 /* 1830381.jpg in Resources */ = {isa = PBXBuildFile; fileRef = E4E7BC7D19C4A126004EAF40 /* 1830381.jpg */; };
		E4E7BC8019C4A126004EAF40 /* paulo-barcellos-hdr-city-scenery-ipad-wallpaper.jpg in Resources */ = {isa = PBXBuildFile; fileRef = E4E7BC7E19C4A126004EAF40 /* paulo-barcellos-hdr-city-scenery-ipad-wallpaper.jpg */; };
/* End PBXBuildFile section */

/* Begin PBXContainerItemProxy section */
		E4654BF119C1AC6E00242A96 /* PBXContainerItemProxy */ = {
			isa = PBXContainerItemProxy;
			containerPortal = E4654BC019C1AC6E00242A96 /* Project object */;
			proxyType = 1;
			remoteGlobalIDString = E4654BC719C1AC6E00242A96;
			remoteInfo = NoteApp;
		};
/* End PBXContainerItemProxy section */

/* Begin PBXFileReference section */
		E41960D919C4A46800055E60 /* beautiful-sunrise.jpg */ = {isa = PBXFileReference; lastKnownFileType = image.jpeg; name = "beautiful-sunrise.jpg"; path = "../../../Downloads/beautiful-sunrise.jpg"; sourceTree = "<group>"; };
		E4654BC819C1AC6E00242A96 /* NoteApp.app */ = {isa = PBXFileReference; explicitFileType = wrapper.application; includeInIndex = 0; path = NoteApp.app; sourceTree = BUILT_PRODUCTS_DIR; };
		E4654BCB19C1AC6E00242A96 /* Foundation.framework */ = {isa = PBXFileReference; lastKnownFileType = wrapper.framework; name = Foundation.framework; path = System/Library/Frameworks/Foundation.framework; sourceTree = SDKROOT; };
		E4654BCD19C1AC6E00242A96 /* CoreGraphics.framework */ = {isa = PBXFileReference; lastKnownFileType = wrapper.framework; name = CoreGraphics.framework; path = System/Library/Frameworks/CoreGraphics.framework; sourceTree = SDKROOT; };
		E4654BCF19C1AC6E00242A96 /* UIKit.framework */ = {isa = PBXFileReference; lastKnownFileType = wrapper.framework; name = UIKit.framework; path = System/Library/Frameworks/UIKit.framework; sourceTree = SDKROOT; };
		E4654BD319C1AC6E00242A96 /* NoteApp-Info.plist */ = {isa = PBXFileReference; lastKnownFileType = text.plist.xml; path = "NoteApp-Info.plist"; sourceTree = "<group>"; };
		E4654BD519C1AC6E00242A96 /* en */ = {isa = PBXFileReference; lastKnownFileType = text.plist.strings; name = en; path = en.lproj/InfoPlist.strings; sourceTree = "<group>"; };
		E4654BD719C1AC6E00242A96 /* main.m */ = {isa = PBXFileReference; lastKnownFileType = sourcecode.c.objc; path = main.m; sourceTree = "<group>"; };
		E4654BD919C1AC6E00242A96 /* NoteApp-Prefix.pch */ = {isa = PBXFileReference; lastKnownFileType = sourcecode.c.h; path = "NoteApp-Prefix.pch"; sourceTree = "<group>"; };
		E4654BDA19C1AC6E00242A96 /* AppDelegate.h */ = {isa = PBXFileReference; lastKnownFileType = sourcecode.c.h; path = AppDelegate.h; sourceTree = "<group>"; };
		E4654BDB19C1AC6E00242A96 /* AppDelegate.m */ = {isa = PBXFileReference; lastKnownFileType = sourcecode.c.objc; path = AppDelegate.m; sourceTree = "<group>"; };
		E4654BDE19C1AC6E00242A96 /* Base */ = {isa = PBXFileReference; lastKnownFileType = file.storyboard; name = Base; path = Base.lproj/Main_iPhone.storyboard; sourceTree = "<group>"; };
		E4654BE119C1AC6E00242A96 /* Base */ = {isa = PBXFileReference; lastKnownFileType = file.storyboard; name = Base; path = Base.lproj/Main_iPad.storyboard; sourceTree = "<group>"; };
		E4654BE319C1AC6E00242A96 /* ViewController.h */ = {isa = PBXFileReference; lastKnownFileType = sourcecode.c.h; path = ViewController.h; sourceTree = "<group>"; };
		E4654BE419C1AC6E00242A96 /* ViewController.m */ = {isa = PBXFileReference; lastKnownFileType = sourcecode.c.objc; path = ViewController.m; sourceTree = "<group>"; };
		E4654BE619C1AC6E00242A96 /* Images.xcassets */ = {isa = PBXFileReference; lastKnownFileType = folder.assetcatalog; path = Images.xcassets; sourceTree = "<group>"; };
		E4654BEC19C1AC6E00242A96 /* NoteAppTests.xctest */ = {isa = PBXFileReference; explicitFileType = wrapper.cfbundle; includeInIndex = 0; path = NoteAppTests.xctest; sourceTree = BUILT_PRODUCTS_DIR; };
		E4654BED19C1AC6E00242A96 /* XCTest.framework */ = {isa = PBXFileReference; lastKnownFileType = wrapper.framework; name = XCTest.framework; path = Library/Frameworks/XCTest.framework; sourceTree = DEVELOPER_DIR; };
		E4654BF519C1AC6E00242A96 /* NoteAppTests-Info.plist */ = {isa = PBXFileReference; lastKnownFileType = text.plist.xml; path = "NoteAppTests-Info.plist"; sourceTree = "<group>"; };
		E4654BF719C1AC6E00242A96 /* en */ = {isa = PBXFileReference; lastKnownFileType = text.plist.strings; name = en; path = en.lproj/InfoPlist.strings; sourceTree = "<group>"; };
		E4654BF919C1AC6E00242A96 /* NoteAppTests.m */ = {isa = PBXFileReference; lastKnownFileType = sourcecode.c.objc; path = NoteAppTests.m; sourceTree = "<group>"; };
		E4654C0319C1ACC300242A96 /* NoteViewController.h */ = {isa = PBXFileReference; fileEncoding = 4; lastKnownFileType = sourcecode.c.h; path = NoteViewController.h; sourceTree = "<group>"; };
		E4654C0419C1ACC300242A96 /* NoteViewController.m */ = {isa = PBXFileReference; fileEncoding = 4; lastKnownFileType = sourcecode.c.objc; path = NoteViewController.m; sourceTree = "<group>"; };
		E4654C0619C1B04F00242A96 /* MainMenuViewController.h */ = {isa = PBXFileReference; fileEncoding = 4; lastKnownFileType = sourcecode.c.h; path = MainMenuViewController.h; sourceTree = "<group>"; };
		E4654C0719C1B04F00242A96 /* MainMenuViewController.m */ = {isa = PBXFileReference; fileEncoding = 4; lastKnownFileType = sourcecode.c.objc; path = MainMenuViewController.m; sourceTree = "<group>"; };
		E4E7BC7D19C4A126004EAF40 /* 1830381.jpg */ = {isa = PBXFileReference; lastKnownFileType = image.jpeg; name = 1830381.jpg; path = ../../../Downloads/1830381.jpg; sourceTree = "<group>"; };
		E4E7BC7E19C4A126004EAF40 /* paulo-barcellos-hdr-city-scenery-ipad-wallpaper.jpg */ = {isa = PBXFileReference; lastKnownFileType = image.jpeg; name = "paulo-barcellos-hdr-city-scenery-ipad-wallpaper.jpg"; path = "../../../Downloads/paulo-barcellos-hdr-city-scenery-ipad-wallpaper.jpg"; sourceTree = "<group>"; };
/* End PBXFileReference section */

/* Begin PBXFrameworksBuildPhase section */
		E4654BC519C1AC6E00242A96 /* Frameworks */ = {
			isa = PBXFrameworksBuildPhase;
			buildActionMask = 2147483647;
			files = (
				E4654BCE19C1AC6E00242A96 /* CoreGraphics.framework in Frameworks */,
				E4654BD019C1AC6E00242A96 /* UIKit.framework in Frameworks */,
				E4654BCC19C1AC6E00242A96 /* Foundation.framework in Frameworks */,
			);
			runOnlyForDeploymentPostprocessing = 0;
		};
		E4654BE919C1AC6E00242A96 /* Frameworks */ = {
			isa = PBXFrameworksBuildPhase;
			buildActionMask = 2147483647;
			files = (
				E4654BEE19C1AC6E00242A96 /* XCTest.framework in Frameworks */,
				E4654BF019C1AC6E00242A96 /* UIKit.framework in Frameworks */,
				E4654BEF19C1AC6E00242A96 /* Foundation.framework in Frameworks */,
			);
			runOnlyForDeploymentPostprocessing = 0;
		};
/* End PBXFrameworksBuildPhase section */

/* Begin PBXGroup section */
		E4654BBF19C1AC6E00242A96 = {
			isa = PBXGroup;
			children = (
				E4654BD119C1AC6E00242A96 /* NoteApp */,
				E4654BF319C1AC6E00242A96 /* NoteAppTests */,
				E4654BCA19C1AC6E00242A96 /* Frameworks */,
				E4654BC919C1AC6E00242A96 /* Products */,
			);
			sourceTree = "<group>";
		};
		E4654BC919C1AC6E00242A96 /* Products */ = {
			isa = PBXGroup;
			children = (
				E4654BC819C1AC6E00242A96 /* NoteApp.app */,
				E4654BEC19C1AC6E00242A96 /* NoteAppTests.xctest */,
			);
			name = Products;
			sourceTree = "<group>";
		};
		E4654BCA19C1AC6E00242A96 /* Frameworks */ = {
			isa = PBXGroup;
			children = (
				E4654BCB19C1AC6E00242A96 /* Foundation.framework */,
				E4654BCD19C1AC6E00242A96 /* CoreGraphics.framework */,
				E4654BCF19C1AC6E00242A96 /* UIKit.framework */,
				E4654BED19C1AC6E00242A96 /* XCTest.framework */,
			);
			name = Frameworks;
			sourceTree = "<group>";
		};
		E4654BD119C1AC6E00242A96 /* NoteApp */ = {
			isa = PBXGroup;
			children = (
				E41960D919C4A46800055E60 /* beautiful-sunrise.jpg */,
				E4E7BC7D19C4A126004EAF40 /* 1830381.jpg */,
				E4E7BC7E19C4A126004EAF40 /* paulo-barcellos-hdr-city-scenery-ipad-wallpaper.jpg */,
				E4654BDA19C1AC6E00242A96 /* AppDelegate.h */,
				E4654BDB19C1AC6E00242A96 /* AppDelegate.m */,
				E4654BDD19C1AC6E00242A96 /* Main_iPhone.storyboard */,
				E4654C0619C1B04F00242A96 /* MainMenuViewController.h */,
				E4654C0719C1B04F00242A96 /* MainMenuViewController.m */,
				E4654C0319C1ACC300242A96 /* NoteViewController.h */,
				E4654C0419C1ACC300242A96 /* NoteViewController.m */,
				E4654BE019C1AC6E00242A96 /* Main_iPad.storyboard */,
				E4654BE319C1AC6E00242A96 /* ViewController.h */,
				E4654BE419C1AC6E00242A96 /* ViewController.m */,
				E4654BE619C1AC6E00242A96 /* Images.xcassets */,
				E4654BD219C1AC6E00242A96 /* Supporting Files */,
			);
			path = NoteApp;
			sourceTree = "<group>";
		};
		E4654BD219C1AC6E00242A96 /* Supporting Files */ = {
			isa = PBXGroup;
			children = (
				E4654BD319C1AC6E00242A96 /* NoteApp-Info.plist */,
				E4654BD419C1AC6E00242A96 /* InfoPlist.strings */,
				E4654BD719C1AC6E00242A96 /* main.m */,
				E4654BD919C1AC6E00242A96 /* NoteApp-Prefix.pch */,
			);
			name = "Supporting Files";
			sourceTree = "<group>";
		};
		E4654BF319C1AC6E00242A96 /* NoteAppTests */ = {
			isa = PBXGroup;
			children = (
				E4654BF919C1AC6E00242A96 /* NoteAppTests.m */,
				E4654BF419C1AC6E00242A96 /* Supporting Files */,
			);
			path = NoteAppTests;
			sourceTree = "<group>";
		};
		E4654BF419C1AC6E00242A96 /* Supporting Files */ = {
			isa = PBXGroup;
			children = (
				E4654BF519C1AC6E00242A96 /* NoteAppTests-Info.plist */,
				E4654BF619C1AC6E00242A96 /* InfoPlist.strings */,
			);
			name = "Supporting Files";
			sourceTree = "<group>";
		};
/* End PBXGroup section */

/* Begin PBXNativeTarget section */
		E4654BC719C1AC6E00242A96 /* NoteApp */ = {
			isa = PBXNativeTarget;
			buildConfigurationList = E4654BFD19C1AC6E00242A96 /* Build configuration list for PBXNativeTarget "NoteApp" */;
			buildPhases = (
				E4654BC419C1AC6E00242A96 /* Sources */,
				E4654BC519C1AC6E00242A96 /* Frameworks */,
				E4654BC619C1AC6E00242A96 /* Resources */,
			);
			buildRules = (
			);
			dependencies = (
			);
			name = NoteApp;
			productName = NoteApp;
			productReference = E4654BC819C1AC6E00242A96 /* NoteApp.app */;
			productType = "com.apple.product-type.application";
		};
		E4654BEB19C1AC6E00242A96 /* NoteAppTests */ = {
			isa = PBXNativeTarget;
			buildConfigurationList = E4654C0019C1AC6E00242A96 /* Build configuration list for PBXNativeTarget "NoteAppTests" */;
			buildPhases = (
				E4654BE819C1AC6E00242A96 /* Sources */,
				E4654BE919C1AC6E00242A96 /* Frameworks */,
				E4654BEA19C1AC6E00242A96 /* Resources */,
			);
			buildRules = (
			);
			dependencies = (
				E4654BF219C1AC6E00242A96 /* PBXTargetDependency */,
			);
			name = NoteAppTests;
			productName = NoteAppTests;
			productReference = E4654BEC19C1AC6E00242A96 /* NoteAppTests.xctest */;
			productType = "com.apple.product-type.bundle.unit-test";
		};
/* End PBXNativeTarget section */

/* Begin PBXProject section */
		E4654BC019C1AC6E00242A96 /* Project object */ = {
			isa = PBXProject;
			attributes = {
				LastUpgradeCheck = 0510;
				ORGANIZATIONNAME = termerys;
				TargetAttributes = {
					E4654BEB19C1AC6E00242A96 = {
						TestTargetID = E4654BC719C1AC6E00242A96;
					};
				};
			};
			buildConfigurationList = E4654BC319C1AC6E00242A96 /* Build configuration list for PBXProject "NoteApp" */;
			compatibilityVersion = "Xcode 3.2";
			developmentRegion = English;
			hasScannedForEncodings = 0;
			knownRegions = (
				en,
				Base,
			);
			mainGroup = E4654BBF19C1AC6E00242A96;
			productRefGroup = E4654BC919C1AC6E00242A96 /* Products */;
			projectDirPath = "";
			projectRoot = "";
			targets = (
				E4654BC719C1AC6E00242A96 /* NoteApp */,
				E4654BEB19C1AC6E00242A96 /* NoteAppTests */,
			);
		};
/* End PBXProject section */

/* Begin PBXResourcesBuildPhase section */
		E4654BC619C1AC6E00242A96 /* Resources */ = {
			isa = PBXResourcesBuildPhase;
			buildActionMask = 2147483647;
			files = (
				E41960DA19C4A46800055E60 /* beautiful-sunrise.jpg in Resources */,
				E4E7BC8019C4A126004EAF40 /* paulo-barcellos-hdr-city-scenery-ipad-wallpaper.jpg in Resources */,
				E4654BE219C1AC6E00242A96 /* Main_iPad.storyboard in Resources */,
				E4654BE719C1AC6E00242A96 /* Images.xcassets in Resources */,
				E4654BDF19C1AC6E00242A96 /* Main_iPhone.storyboard in Resources */,
				E4E7BC7F19C4A126004EAF40 /* 1830381.jpg in Resources */,
				E4654BD619C1AC6E00242A96 /* InfoPlist.strings in Resources */,
			);
			runOnlyForDeploymentPostprocessing = 0;
		};
		E4654BEA19C1AC6E00242A96 /* Resources */ = {
			isa = PBXResourcesBuildPhase;
			buildActionMask = 2147483647;
			files = (
				E4654BF819C1AC6E00242A96 /* InfoPlist.strings in Resources */,
			);
			runOnlyForDeploymentPostprocessing = 0;
		};
/* End PBXResourcesBuildPhase section */

/* Begin PBXSourcesBuildPhase section */
		E4654BC419C1AC6E00242A96 /* Sources */ = {
			isa = PBXSourcesBuildPhase;
			buildActionMask = 2147483647;
			files = (
				E4654C0519C1ACC300242A96 /* NoteViewController.m in Sources */,
				E4654BE519C1AC6E00242A96 /* ViewController.m in Sources */,
				E4654BDC19C1AC6E00242A96 /* AppDelegate.m in Sources */,
				E4654BD819C1AC6E00242A96 /* main.m in Sources */,
				E4654C0819C1B04F00242A96 /* MainMenuViewController.m in Sources */,
			);
			runOnlyForDeploymentPostprocessing = 0;
		};
		E4654BE819C1AC6E00242A96 /* Sources */ = {
			isa = PBXSourcesBuildPhase;
			buildActionMask = 2147483647;
			files = (
				E4654BFA19C1AC6E00242A96 /* NoteAppTests.m in Sources */,
			);
			runOnlyForDeploymentPostprocessing = 0;
		};
/* End PBXSourcesBuildPhase section */

/* Begin PBXTargetDependency section */
		E4654BF219C1AC6E00242A96 /* PBXTargetDependency */ = {
			isa = PBXTargetDependency;
			target = E4654BC719C1AC6E00242A96 /* NoteApp */;
			targetProxy = E4654BF119C1AC6E00242A96 /* PBXContainerItemProxy */;
		};
/* End PBXTargetDependency section */

/* Begin PBXVariantGroup section */
		E4654BD419C1AC6E00242A96 /* InfoPlist.strings */ = {
			isa = PBXVariantGroup;
			children = (
				E4654BD519C1AC6E00242A96 /* en */,
			);
			name = InfoPlist.strings;
			sourceTree = "<group>";
		};
		E4654BDD19C1AC6E00242A96 /* Main_iPhone.storyboard */ = {
			isa = PBXVariantGroup;
			children = (
				E4654BDE19C1AC6E00242A96 /* Base */,
			);
			name = Main_iPhone.storyboard;
			sourceTree = "<group>";
		};
		E4654BE019C1AC6E00242A96 /* Main_iPad.storyboard */ = {
			isa = PBXVariantGroup;
			children = (
				E4654BE119C1AC6E00242A96 /* Base */,
			);
			name = Main_iPad.storyboard;
			sourceTree = "<group>";
		};
		E4654BF619C1AC6E00242A96 /* InfoPlist.strings */ = {
			isa = PBXVariantGroup;
			children = (
				E4654BF719C1AC6E00242A96 /* en */,
			);
			name = InfoPlist.strings;
			sourceTree = "<group>";
		};
/* End PBXVariantGroup section */

/* Begin XCBuildConfiguration section */
		E4654BFB19C1AC6E00242A96 /* Debug */ = {
			isa = XCBuildConfiguration;
			buildSettings = {
				ALWAYS_SEARCH_USER_PATHS = NO;
				CLANG_CXX_LANGUAGE_STANDARD = "gnu++0x";
				CLANG_CXX_LIBRARY = "libc++";
				CLANG_ENABLE_MODULES = YES;
				CLANG_ENABLE_OBJC_ARC = YES;
				CLANG_WARN_BOOL_CONVERSION = YES;
				CLANG_WARN_CONSTANT_CONVERSION = YES;
				CLANG_WARN_DIRECT_OBJC_ISA_USAGE = YES_ERROR;
				CLANG_WARN_EMPTY_BODY = YES;
				CLANG_WARN_ENUM_CONVERSION = YES;
				CLANG_WARN_INT_CONVERSION = YES;
				CLANG_WARN_OBJC_ROOT_CLASS = YES_ERROR;
				CLANG_WARN__DUPLICATE_METHOD_MATCH = YES;
				"CODE_SIGN_IDENTITY[sdk=iphoneos*]" = "iPhone Developer";
				COPY_PHASE_STRIP = NO;
				GCC_C_LANGUAGE_STANDARD = gnu99;
				GCC_DYNAMIC_NO_PIC = NO;
				GCC_OPTIMIZATION_LEVEL = 0;
				GCC_PREPROCESSOR_DEFINITIONS = (
					"DEBUG=1",
					"$(inherited)",
				);
				GCC_SYMBOLS_PRIVATE_EXTERN = NO;
				GCC_WARN_64_TO_32_BIT_CONVERSION = YES;
				GCC_WARN_ABOUT_RETURN_TYPE = YES_ERROR;
				GCC_WARN_UNDECLARED_SELECTOR = YES;
				GCC_WARN_UNINITIALIZED_AUTOS = YES_AGGRESSIVE;
				GCC_WARN_UNUSED_FUNCTION = YES;
				GCC_WARN_UNUSED_VARIABLE = YES;
				IPHONEOS_DEPLOYMENT_TARGET = 7.1;
				ONLY_ACTIVE_ARCH = YES;
				SDKROOT = iphoneos;
				TARGETED_DEVICE_FAMILY = "1,2";
			};
			name = Debug;
		};
		E4654BFC19C1AC6E00242A96 /* Release */ = {
			isa = XCBuildConfiguration;
			buildSettings = {
				ALWAYS_SEARCH_USER_PATHS = NO;
				CLANG_CXX_LANGUAGE_STANDARD = "gnu++0x";
				CLANG_CXX_LIBRARY = "libc++";
				CLANG_ENABLE_MODULES = YES;
				CLANG_ENABLE_OBJC_ARC = YES;
				CLANG_WARN_BOOL_CONVERSION = YES;
				CLANG_WARN_CONSTANT_CONVERSION = YES;
				CLANG_WARN_DIRECT_OBJC_ISA_USAGE = YES_ERROR;
				CLANG_WARN_EMPTY_BODY = YES;
				CLANG_WARN_ENUM_CONVERSION = YES;
				CLANG_WARN_INT_CONVERSION = YES;
				CLANG_WARN_OBJC_ROOT_CLASS = YES_ERROR;
				CLANG_WARN__DUPLICATE_METHOD_MATCH = YES;
				"CODE_SIGN_IDENTITY[sdk=iphoneos*]" = "iPhone Developer";
				COPY_PHASE_STRIP = YES;
				ENABLE_NS_ASSERTIONS = NO;
				GCC_C_LANGUAGE_STANDARD = gnu99;
				GCC_WARN_64_TO_32_BIT_CONVERSION = YES;
				GCC_WARN_ABOUT_RETURN_TYPE = YES_ERROR;
				GCC_WARN_UNDECLARED_SELECTOR = YES;
				GCC_WARN_UNINITIALIZED_AUTOS = YES_AGGRESSIVE;
				GCC_WARN_UNUSED_FUNCTION = YES;
				GCC_WARN_UNUSED_VARIABLE = YES;
				IPHONEOS_DEPLOYMENT_TARGET = 7.1;
				SDKROOT = iphoneos;
				TARGETED_DEVICE_FAMILY = "1,2";
				VALIDATE_PRODUCT = YES;
			};
			name = Release;
		};
		E4654BFE19C1AC6E00242A96 /* Debug */ = {
			isa = XCBuildConfiguration;
			buildSettings = {
				ASSETCATALOG_COMPILER_APPICON_NAME = AppIcon;
				ASSETCATALOG_COMPILER_LAUNCHIMAGE_NAME = LaunchImage;
				GCC_PRECOMPILE_PREFIX_HEADER = YES;
				GCC_PREFIX_HEADER = "NoteApp/NoteApp-Prefix.pch";
				INFOPLIST_FILE = "NoteApp/NoteApp-Info.plist";
				PRODUCT_NAME = "$(TARGET_NAME)";
				WRAPPER_EXTENSION = app;
			};
			name = Debug;
		};
		E4654BFF19C1AC6E00242A96 /* Release */ = {
			isa = XCBuildConfiguration;
			buildSettings = {
				ASSETCATALOG_COMPILER_APPICON_NAME = AppIcon;
				ASSETCATALOG_COMPILER_LAUNCHIMAGE_NAME = LaunchImage;
				GCC_PRECOMPILE_PREFIX_HEADER = YES;
				GCC_PREFIX_HEADER = "NoteApp/NoteApp-Prefix.pch";
				INFOPLIST_FILE = "NoteApp/NoteApp-Info.plist";
				PRODUCT_NAME = "$(TARGET_NAME)";
				WRAPPER_EXTENSION = app;
			};
			name = Release;
		};
		E4654C0119C1AC6E00242A96 /* Debug */ = {
			isa = XCBuildConfiguration;
			buildSettings = {
				BUNDLE_LOADER = "$(BUILT_PRODUCTS_DIR)/NoteApp.app/NoteApp";
				FRAMEWORK_SEARCH_PATHS = (
					"$(SDKROOT)/Developer/Library/Frameworks",
					"$(inherited)",
					"$(DEVELOPER_FRAMEWORKS_DIR)",
				);
				GCC_PRECOMPILE_PREFIX_HEADER = YES;
				GCC_PREFIX_HEADER = "NoteApp/NoteApp-Prefix.pch";
				GCC_PREPROCESSOR_DEFINITIONS = (
					"DEBUG=1",
					"$(inherited)",
				);
				INFOPLIST_FILE = "NoteAppTests/NoteAppTests-Info.plist";
				PRODUCT_NAME = "$(TARGET_NAME)";
				TEST_HOST = "$(BUNDLE_LOADER)";
				WRAPPER_EXTENSION = xctest;
			};
			name = Debug;
		};
		E4654C0219C1AC6E00242A96 /* Release */ = {
			isa = XCBuildConfiguration;
			buildSettings = {
				BUNDLE_LOADER = "$(BUILT_PRODUCTS_DIR)/NoteApp.app/NoteApp";
				FRAMEWORK_SEARCH_PATHS = (
					"$(SDKROOT)/Developer/Library/Frameworks",
					"$(inherited)",
					"$(DEVELOPER_FRAMEWORKS_DIR)",
				);
				GCC_PRECOMPILE_PREFIX_HEADER = YES;
				GCC_PREFIX_HEADER = "NoteApp/NoteApp-Prefix.pch";
				INFOPLIST_FILE = "NoteAppTests/NoteAppTests-Info.plist";
				PRODUCT_NAME = "$(TARGET_NAME)";
				TEST_HOST = "$(BUNDLE_LOADER)";
				WRAPPER_EXTENSION = xctest;
			};
			name = Release;
		};
/* End XCBuildConfiguration section */

/* Begin XCConfigurationList section */
		E4654BC319C1AC6E00242A96 /* Build configuration list for PBXProject "NoteApp" */ = {
			isa = XCConfigurationList;
			buildConfigurations = (
				E4654BFB19C1AC6E00242A96 /* Debug */,
				E4654BFC19C1AC6E00242A96 /* Release */,
			);
			defaultConfigurationIsVisible = 0;
			defaultConfigurationName = Release;
		};
		E4654BFD19C1AC6E00242A96 /* Build configuration list for PBXNativeTarget "NoteApp" */ = {
			isa = XCConfigurationList;
			buildConfigurations = (
				E4654BFE19C1AC6E00242A96 /* Debug */,
				E4654BFF19C1AC6E00242A96 /* Release */,
			);
			defaultConfigurationIsVisible = 0;
			defaultConfigurationName = Release;
		};
		E4654C0019C1AC6E00242A96 /* Build configuration list for PBXNativeTarget "NoteAppTests" */ = {
			isa = XCConfigurationList;
			buildConfigurations = (
				E4654C0119C1AC6E00242A96 /* Debug */,
				E4654C0219C1AC6E00242A96 /* Release */,
			);
			defaultConfigurationIsVisible = 0;
			defaultConfigurationName = Release;
		};
/* End XCConfigurationList section */
	};
	rootObject = E4654BC019C1AC6E00242A96 /* Project object */;
}
